
Microsoft Visual Studio Solution File, Format Version 12.00
# Visual Studio 2012
Project("{2150E333-8FDC-42A3-9474-1A3956D46DE8}") = "Business", "Business", "{797C8F4B-BFCC-4A34-B0A9-7DAF39477834}"
EndProject
Project("{FAE04EC0-301F-11D3-BF4B-00C04F79EFBC}") = "NewsProject.Model", "NewsProject.Model\NewsProject.Model.csproj", "{FA0F0582-294D-4775-996C-5FADEF612451}"
EndProject
Project("{2150E333-8FDC-42A3-9474-1A3956D46DE8}") = "Data", "Data", "{7B768AD3-58F1-4FF3-86FC-C34935329053}"
EndProject
Project("{FAE04EC0-301F-11D3-BF4B-00C04F79EFBC}") = "NewsProject.Data.EntityFramework", "NewsProject.Entity\NewsProject.Data.EntityFramework.csproj", "{B370F8A0-1C3C-4EFA-9D69-1D766D15E9D6}"
EndProject
Project("{2150E333-8FDC-42A3-9474-1A3956D46DE8}") = "Common", "Common", "{7D3C36C9-52D5-4B5E-A51A-053402A4D139}"
EndProject
Project("{FAE04EC0-301F-11D3-BF4B-00C04F79EFBC}") = "NewsProject.Core", "NewsProject.Core\NewsProject.Core.csproj", "{FF6255E1-9C6E-45C6-A8C3-9ACF9D05C2BE}"
EndProject
Project("{FAE04EC0-301F-11D3-BF4B-00C04F79EFBC}") = "NewsProject.Ioc", "Ioc\NewsProject.Ioc.csproj", "{5E2F1259-DF5D-49AE-98EF-0B5CDF9ACA8A}"
EndProject
Project("{FAE04EC0-301F-11D3-BF4B-00C04F79EFBC}") = "NewsProject.Data.Dapper", "NewsProject.Data.Dapper\NewsProject.Data.Dapper.csproj", "{D076F7C0-CEF8-4559-9BCB-19DF0809D63D}"
EndProject
Project("{FAE04EC0-301F-11D3-BF4B-00C04F79EFBC}") = "NewsProject.Repository", "NewsProject.Repository\NewsProject.Repository.csproj", "{8EDC932C-D6E8-4F48-956E-B350560A022C}"
EndProject
Project("{2150E333-8FDC-42A3-9474-1A3956D46DE8}") = "UI", "UI", "{CC0AE844-D9D4-4FBF-9CC6-F57681BCED62}"
EndProject
Project("{FAE04EC0-301F-11D3-BF4B-00C04F79EFBC}") = "NewsProject.Web", "NewsProject.Web\NewsProject.Web.csproj", "{C66E10B8-ADC7-4E5B-9B58-FE3CC180B078}"
EndProject
Project("{FAE04EC0-301F-11D3-BF4B-00C04F79EFBC}") = "NewsProject.Business", "NewsProject.Business\NewsProject.Business.csproj", "{05D7C976-3B75-495D-A3EB-20BE38DA6836}"
EndProject
Project("{FAE04EC0-301F-11D3-BF4B-00C04F79EFBC}") = "NewsProject.Converter", "NewsProject.Converter\NewsProject.Converter.csproj", "{A7768332-FE10-49D5-8078-7F2EA27CD43F}"
EndProject
Global
	GlobalSection(SolutionConfigurationPlatforms) = preSolution
		Debug|Any CPU = Debug|Any CPU
		Release|Any CPU = Release|Any CPU
	EndGlobalSection
	GlobalSection(ProjectConfigurationPlatforms) = postSolution
		{FA0F0582-294D-4775-996C-5FADEF612451}.Debug|Any CPU.ActiveCfg = Debug|Any CPU
		{FA0F0582-294D-4775-996C-5FADEF612451}.Debug|Any CPU.Build.0 = Debug|Any CPU
		{FA0F0582-294D-4775-996C-5FADEF612451}.Release|Any CPU.ActiveCfg = Release|Any CPU
		{FA0F0582-294D-4775-996C-5FADEF612451}.Release|Any CPU.Build.0 = Release|Any CPU
		{B370F8A0-1C3C-4EFA-9D69-1D766D15E9D6}.Debug|Any CPU.ActiveCfg = Debug|Any CPU
		{B370F8A0-1C3C-4EFA-9D69-1D766D15E9D6}.Debug|Any CPU.Build.0 = Debug|Any CPU
		{B370F8A0-1C3C-4EFA-9D69-1D766D15E9D6}.Release|Any CPU.ActiveCfg = Release|Any CPU
		{B370F8A0-1C3C-4EFA-9D69-1D766D15E9D6}.Release|Any CPU.Build.0 = Release|Any CPU
		{FF6255E1-9C6E-45C6-A8C3-9ACF9D05C2BE}.Debug|Any CPU.ActiveCfg = Debug|Any CPU
		{FF6255E1-9C6E-45C6-A8C3-9ACF9D05C2BE}.Debug|Any CPU.Build.0 = Debug|Any CPU
		{FF6255E1-9C6E-45C6-A8C3-9ACF9D05C2BE}.Release|Any CPU.ActiveCfg = Release|Any CPU
		{FF6255E1-9C6E-45C6-A8C3-9ACF9D05C2BE}.Release|Any CPU.Build.0 = Release|Any CPU
		{5E2F1259-DF5D-49AE-98EF-0B5CDF9ACA8A}.Debug|Any CPU.ActiveCfg = Debug|Any CPU
		{5E2F1259-DF5D-49AE-98EF-0B5CDF9ACA8A}.Debug|Any CPU.Build.0 = Debug|Any CPU
		{5E2F1259-DF5D-49AE-98EF-0B5CDF9ACA8A}.Release|Any CPU.ActiveCfg = Release|Any CPU
		{5E2F1259-DF5D-49AE-98EF-0B5CDF9ACA8A}.Release|Any CPU.Build.0 = Release|Any CPU
		{D076F7C0-CEF8-4559-9BCB-19DF0809D63D}.Debug|Any CPU.ActiveCfg = Debug|Any CPU
		{D076F7C0-CEF8-4559-9BCB-19DF0809D63D}.Debug|Any CPU.Build.0 = Debug|Any CPU
		{D076F7C0-CEF8-4559-9BCB-19DF0809D63D}.Release|Any CPU.ActiveCfg = Release|Any CPU
		{D076F7C0-CEF8-4559-9BCB-19DF0809D63D}.Release|Any CPU.Build.0 = Release|Any CPU
		{8EDC932C-D6E8-4F48-956E-B350560A022C}.Debug|Any CPU.ActiveCfg = Debug|Any CPU
		{8EDC932C-D6E8-4F48-956E-B350560A022C}.Debug|Any CPU.Build.0 = Debug|Any CPU
		{8EDC932C-D6E8-4F48-956E-B350560A022C}.Release|Any CPU.ActiveCfg = Release|Any CPU
		{8EDC932C-D6E8-4F48-956E-B350560A022C}.Release|Any CPU.Build.0 = Release|Any CPU
		{C66E10B8-ADC7-4E5B-9B58-FE3CC180B078}.Debug|Any CPU.ActiveCfg = Debug|Any CPU
		{C66E10B8-ADC7-4E5B-9B58-FE3CC180B078}.Debug|Any CPU.Build.0 = Debug|Any CPU
		{C66E10B8-ADC7-4E5B-9B58-FE3CC180B078}.Release|Any CPU.ActiveCfg = Release|Any CPU
		{C66E10B8-ADC7-4E5B-9B58-FE3CC180B078}.Release|Any CPU.Build.0 = Release|Any CPU
		{05D7C976-3B75-495D-A3EB-20BE38DA6836}.Debug|Any CPU.ActiveCfg = Debug|Any CPU
		{05D7C976-3B75-495D-A3EB-20BE38DA6836}.Debug|Any CPU.Build.0 = Debug|Any CPU
		{05D7C976-3B75-495D-A3EB-20BE38DA6836}.Release|Any CPU.ActiveCfg = Release|Any CPU
		{05D7C976-3B75-495D-A3EB-20BE38DA6836}.Release|Any CPU.Build.0 = Release|Any CPU
		{A7768332-FE10-49D5-8078-7F2EA27CD43F}.Debug|Any CPU.ActiveCfg = Debug|Any CPU
		{A7768332-FE10-49D5-8078-7F2EA27CD43F}.Debug|Any CPU.Build.0 = Debug|Any CPU
		{A7768332-FE10-49D5-8078-7F2EA27CD43F}.Release|Any CPU.ActiveCfg = Release|Any CPU
		{A7768332-FE10-49D5-8078-7F2EA27CD43F}.Release|Any CPU.Build.0 = Release|Any CPU
	EndGlobalSection
	GlobalSection(SolutionProperties) = preSolution
		HideSolutionNode = FALSE
	EndGlobalSection
	GlobalSection(NestedProjects) = preSolution
		{FA0F0582-294D-4775-996C-5FADEF612451} = {797C8F4B-BFCC-4A34-B0A9-7DAF39477834}
		{05D7C976-3B75-495D-A3EB-20BE38DA6836} = {797C8F4B-BFCC-4A34-B0A9-7DAF39477834}
		{A7768332-FE10-49D5-8078-7F2EA27CD43F} = {797C8F4B-BFCC-4A34-B0A9-7DAF39477834}
		{B370F8A0-1C3C-4EFA-9D69-1D766D15E9D6} = {7B768AD3-58F1-4FF3-86FC-C34935329053}
		{D076F7C0-CEF8-4559-9BCB-19DF0809D63D} = {7B768AD3-58F1-4FF3-86FC-C34935329053}
		{8EDC932C-D6E8-4F48-956E-B350560A022C} = {7B768AD3-58F1-4FF3-86FC-C34935329053}
		{FF6255E1-9C6E-45C6-A8C3-9ACF9D05C2BE} = {7D3C36C9-52D5-4B5E-A51A-053402A4D139}
		{5E2F1259-DF5D-49AE-98EF-0B5CDF9ACA8A} = {7D3C36C9-52D5-4B5E-A51A-053402A4D139}
		{C66E10B8-ADC7-4E5B-9B58-FE3CC180B078} = {CC0AE844-D9D4-4FBF-9CC6-F57681BCED62}
	EndGlobalSection
EndGlobal
